
Microsoft Visual Studio Solution File, Format Version 12.00
# Visual Studio Version 16
VisualStudioVersion = 16.0.31321.278
MinimumVisualStudioVersion = 10.0.40219.1
Project("{FAE04EC0-301F-11D3-BF4B-00C04F79EFBC}") = "TicTacToe", "TicTacToe\TicTacToe.csproj", "{A65532DC-FF2F-4EA0-987B-847CC4A9CB94}"
EndProject
Global
	GlobalSection(SolutionConfigurationPlatforms) = preSolution
		Debug|Any CPU = Debug|Any CPU
		Release|Any CPU = Release|Any CPU
	EndGlobalSection
	GlobalSection(ProjectConfigurationPlatforms) = postSolution
		{A65532DC-FF2F-4EA0-987B-847CC4A9CB94}.Debug|Any CPU.ActiveCfg = Debug|Any CPU
		{A65532DC-FF2F-4EA0-987B-847CC4A9CB94}.Debug|Any CPU.Build.0 = Debug|Any CPU
		{A65532DC-FF2F-4EA0-987B-847CC4A9CB94}.Release|Any CPU.ActiveCfg = Release|Any CPU
		{A65532DC-FF2F-4EA0-987B-847CC4A9CB94}.Release|Any CPU.Build.0 = Release|Any CPU
	EndGlobalSection
	GlobalSection(SolutionProperties) = preSolution
		HideSolutionNode = FALSE
	EndGlobalSection
	GlobalSection(ExtensibilityGlobals) = postSolution
		SolutionGuid = {9B27DF77-AAD1-403B-920E-818DDD255212}
	EndGlobalSection
EndGlobal
